// !$*UTF8*$!
{
	archiveVersion = 1;
	classes = {
	};
	objectVersion = 77;
	objects = {

/* Begin PBXBuildFile section */
		7A0A17832D1921A1009C346F /* Alamofire in Frameworks */ = {isa = PBXBuildFile; productRef = 7A0A17822D1921A1009C346F /* Alamofire */; };
		7A0A17872D192237009C346F /* Common in Frameworks */ = {isa = PBXBuildFile; productRef = 7A0A17862D192237009C346F /* Common */; };
		7A0A17962D1923F0009C346F /* SDWebImageSwiftUI in Frameworks */ = {isa = PBXBuildFile; productRef = 7A0A17952D1923F0009C346F /* SDWebImageSwiftUI */; };
		7A0A179C2D192489009C346F /* Home in Frameworks */ = {isa = PBXBuildFile; productRef = 7A0A179B2D192489009C346F /* Home */; };
		7A0A17A22D1924D8009C346F /* Swinject in Frameworks */ = {isa = PBXBuildFile; productRef = 7A0A17A12D1924D8009C346F /* Swinject */; };
		7A0A17AB2D193623009C346F /* Detail in Frameworks */ = {isa = PBXBuildFile; productRef = 7A0A17AA2D193623009C346F /* Detail */; };
		7A0A17B42D193B3D009C346F /* Favorites in Frameworks */ = {isa = PBXBuildFile; productRef = 7A0A17B32D193B3D009C346F /* Favorites */; };
		7A0A18732D195D32009C346F /* Searches in Frameworks */ = {isa = PBXBuildFile; productRef = 7A0A18722D195D32009C346F /* Searches */; };
		7A0A19E22D1988AA009C346F /* .swiftlint.yml in Resources */ = {isa = PBXBuildFile; fileRef = 7A0A19E12D1988A9009C346F /* .swiftlint.yml */; };
		7A6E8BA02D198FFF00996998 /* .gitignore in Resources */ = {isa = PBXBuildFile; fileRef = 7A6E8B9F2D198FFF00996998 /* .gitignore */; };
/* End PBXBuildFile section */

/* Begin PBXFileReference section */
		7A0A17272D185A8A009C346F /* Berita.In.app */ = {isa = PBXFileReference; explicitFileType = wrapper.application; includeInIndex = 0; path = Berita.In.app; sourceTree = BUILT_PRODUCTS_DIR; };
		7A0A17842D19221F009C346F /* Common */ = {isa = PBXFileReference; lastKnownFileType = wrapper; name = Common; path = Modules/Common; sourceTree = "<group>"; };
		7A0A17882D192301009C346F /* Home */ = {isa = PBXFileReference; lastKnownFileType = wrapper; name = Home; path = Modules/Home; sourceTree = "<group>"; };
		7A0A17A32D1929DB009C346F /* Detail */ = {isa = PBXFileReference; lastKnownFileType = wrapper; name = Detail; path = Modules/Detail; sourceTree = "<group>"; };
		7A0A17AC2D193809009C346F /* Favorites */ = {isa = PBXFileReference; lastKnownFileType = wrapper; name = Favorites; path = Modules/Favorites; sourceTree = "<group>"; };
		7A0A18712D195D29009C346F /* Searches */ = {isa = PBXFileReference; lastKnownFileType = wrapper; name = Searches; path = Modules/Searches; sourceTree = "<group>"; };
		7A0A19E12D1988A9009C346F /* .swiftlint.yml */ = {isa = PBXFileReference; lastKnownFileType = text.yaml; path = .swiftlint.yml; sourceTree = "<group>"; };
		7A6E8B9F2D198FFF00996998 /* .gitignore */ = {isa = PBXFileReference; lastKnownFileType = text; path = .gitignore; sourceTree = "<group>"; };
/* End PBXFileReference section */

/* Begin PBXFileSystemSynchronizedRootGroup section */
		7A0A17292D185A8A009C346F /* Berita.In */ = {
			isa = PBXFileSystemSynchronizedRootGroup;
			path = Berita.In;
			sourceTree = "<group>";
		};
/* End PBXFileSystemSynchronizedRootGroup section */

/* Begin PBXFrameworksBuildPhase section */
		7A0A17242D185A8A009C346F /* Frameworks */ = {
			isa = PBXFrameworksBuildPhase;
			buildActionMask = 2147483647;
			files = (
				7A0A17962D1923F0009C346F /* SDWebImageSwiftUI in Frameworks */,
				7A0A17AB2D193623009C346F /* Detail in Frameworks */,
				7A0A17A22D1924D8009C346F /* Swinject in Frameworks */,
				7A0A179C2D192489009C346F /* Home in Frameworks */,
				7A0A17B42D193B3D009C346F /* Favorites in Frameworks */,
				7A0A17832D1921A1009C346F /* Alamofire in Frameworks */,
				7A0A18732D195D32009C346F /* Searches in Frameworks */,
				7A0A17872D192237009C346F /* Common in Frameworks */,
			);
			runOnlyForDeploymentPostprocessing = 0;
		};
/* End PBXFrameworksBuildPhase section */

/* Begin PBXGroup section */
		7A0A171E2D185A8A009C346F = {
			isa = PBXGroup;
			children = (
				7A6E8B9F2D198FFF00996998 /* .gitignore */,
				7A0A19E12D1988A9009C346F /* .swiftlint.yml */,
				7A0A18712D195D29009C346F /* Searches */,
				7A0A17AC2D193809009C346F /* Favorites */,
				7A0A17A32D1929DB009C346F /* Detail */,
				7A0A17882D192301009C346F /* Home */,
				7A0A17842D19221F009C346F /* Common */,
				7A0A17292D185A8A009C346F /* Berita.In */,
				7A0A17852D192237009C346F /* Frameworks */,
				7A0A17282D185A8A009C346F /* Products */,
			);
			sourceTree = "<group>";
		};
		7A0A17282D185A8A009C346F /* Products */ = {
			isa = PBXGroup;
			children = (
				7A0A17272D185A8A009C346F /* Berita.In.app */,
			);
			name = Products;
			sourceTree = "<group>";
		};
		7A0A17852D192237009C346F /* Frameworks */ = {
			isa = PBXGroup;
			children = (
			);
			name = Frameworks;
			sourceTree = "<group>";
		};
/* End PBXGroup section */

/* Begin PBXNativeTarget section */
		7A0A17262D185A8A009C346F /* Berita.In */ = {
			isa = PBXNativeTarget;
			buildConfigurationList = 7A0A17352D185A8C009C346F /* Build configuration list for PBXNativeTarget "Berita.In" */;
			buildPhases = (
				7A0A17232D185A8A009C346F /* Sources */,
				7A0A17242D185A8A009C346F /* Frameworks */,
				7A0A17252D185A8A009C346F /* Resources */,
				7A0A19DF2D1982F0009C346F /* ShellScript */,
			);
			buildRules = (
			);
			dependencies = (
			);
			fileSystemSynchronizedGroups = (
				7A0A17292D185A8A009C346F /* Berita.In */,
			);
			name = Berita.In;
			packageProductDependencies = (
				7A0A17822D1921A1009C346F /* Alamofire */,
				7A0A17862D192237009C346F /* Common */,
				7A0A17952D1923F0009C346F /* SDWebImageSwiftUI */,
				7A0A179B2D192489009C346F /* Home */,
				7A0A17A12D1924D8009C346F /* Swinject */,
				7A0A17AA2D193623009C346F /* Detail */,
				7A0A17B32D193B3D009C346F /* Favorites */,
				7A0A18722D195D32009C346F /* Searches */,
			);
			productName = Berita.In;
			productReference = 7A0A17272D185A8A009C346F /* Berita.In.app */;
			productType = "com.apple.product-type.application";
		};
/* End PBXNativeTarget section */

/* Begin PBXProject section */
		7A0A171F2D185A8A009C346F /* Project object */ = {
			isa = PBXProject;
			attributes = {
				BuildIndependentTargetsInParallel = 1;
				LastSwiftUpdateCheck = 1610;
				LastUpgradeCheck = 1610;
				TargetAttributes = {
					7A0A17262D185A8A009C346F = {
						CreatedOnToolsVersion = 16.1;
					};
				};
			};
			buildConfigurationList = 7A0A17222D185A8A009C346F /* Build configuration list for PBXProject "Berita.In" */;
			developmentRegion = en;
			hasScannedForEncodings = 0;
			knownRegions = (
				en,
				Base,
				id,
			);
			mainGroup = 7A0A171E2D185A8A009C346F;
			minimizedProjectReferenceProxies = 1;
			packageReferences = (
				7A0A17802D185EE3009C346F /* XCRemoteSwiftPackageReference "berita" */,
				7A0A17812D1921A1009C346F /* XCRemoteSwiftPackageReference "Alamofire" */,
				7A0A17942D1923F0009C346F /* XCRemoteSwiftPackageReference "SDWebImageSwiftUI" */,
				7A0A17A02D1924D8009C346F /* XCRemoteSwiftPackageReference "Swinject" */,
			);
			preferredProjectObjectVersion = 77;
			productRefGroup = 7A0A17282D185A8A009C346F /* Products */;
			projectDirPath = "";
			projectRoot = "";
			targets = (
				7A0A17262D185A8A009C346F /* Berita.In */,
			);
		};
/* End PBXProject section */

/* Begin PBXResourcesBuildPhase section */
		7A0A17252D185A8A009C346F /* Resources */ = {
			isa = PBXResourcesBuildPhase;
			buildActionMask = 2147483647;
			files = (
				7A6E8BA02D198FFF00996998 /* .gitignore in Resources */,
				7A0A19E22D1988AA009C346F /* .swiftlint.yml in Resources */,
			);
			runOnlyForDeploymentPostprocessing = 0;
		};
/* End PBXResourcesBuildPhase section */

/* Begin PBXShellScriptBuildPhase section */
		7A0A19DF2D1982F0009C346F /* ShellScript */ = {
			isa = PBXShellScriptBuildPhase;
			alwaysOutOfDate = 1;
			buildActionMask = 2147483647;
			files = (
			);
			inputFileListPaths = (
			);
			inputPaths = (
			);
			outputFileListPaths = (
			);
			outputPaths = (
			);
			runOnlyForDeploymentPostprocessing = 0;
			shellPath = /bin/sh;
			shellScript = "# Type a script or drag a script file from your workspace to insert its path.\nif [[ \"$(uname -m)\" == arm64 ]]; then\n    export PATH=\"/opt/homebrew/bin:$PATH\"\nfi\n     \nif which swiftlint > /dev/null; then\n    swiftlint\nelse\n    echo \"warning: SwiftLint not installed, download from https://github.com/realm/SwiftLint\"\nfi\n";
		};
/* End PBXShellScriptBuildPhase section */

/* Begin PBXSourcesBuildPhase section */
		7A0A17232D185A8A009C346F /* Sources */ = {
			isa = PBXSourcesBuildPhase;
			buildActionMask = 2147483647;
			files = (
			);
			runOnlyForDeploymentPostprocessing = 0;
		};
/* End PBXSourcesBuildPhase section */

/* Begin XCBuildConfiguration section */
		7A0A17332D185A8C009C346F /* Debug */ = {
			isa = XCBuildConfiguration;
			buildSettings = {
				ALWAYS_SEARCH_USER_PATHS = NO;
				ASSETCATALOG_COMPILER_GENERATE_SWIFT_ASSET_SYMBOL_EXTENSIONS = YES;
				CLANG_ANALYZER_NONNULL = YES;
				CLANG_ANALYZER_NUMBER_OBJECT_CONVERSION = YES_AGGRESSIVE;
				CLANG_CXX_LANGUAGE_STANDARD = "gnu++20";
				CLANG_ENABLE_MODULES = YES;
				CLANG_ENABLE_OBJC_ARC = YES;
				CLANG_ENABLE_OBJC_WEAK = YES;
				CLANG_WARN_BLOCK_CAPTURE_AUTORELEASING = YES;
				CLANG_WARN_BOOL_CONVERSION = YES;
				CLANG_WARN_COMMA = YES;
				CLANG_WARN_CONSTANT_CONVERSION = YES;
				CLANG_WARN_DEPRECATED_OBJC_IMPLEMENTATIONS = YES;
				CLANG_WARN_DIRECT_OBJC_ISA_USAGE = YES_ERROR;
				CLANG_WARN_DOCUMENTATION_COMMENTS = YES;
				CLANG_WARN_EMPTY_BODY = YES;
				CLANG_WARN_ENUM_CONVERSION = YES;
				CLANG_WARN_INFINITE_RECURSION = YES;
				CLANG_WARN_INT_CONVERSION = YES;
				CLANG_WARN_NON_LITERAL_NULL_CONVERSION = YES;
				CLANG_WARN_OBJC_IMPLICIT_RETAIN_SELF = YES;
				CLANG_WARN_OBJC_LITERAL_CONVERSION = YES;
				CLANG_WARN_OBJC_ROOT_CLASS = YES_ERROR;
				CLANG_WARN_QUOTED_INCLUDE_IN_FRAMEWORK_HEADER = YES;
				CLANG_WARN_RANGE_LOOP_ANALYSIS = YES;
				CLANG_WARN_STRICT_PROTOTYPES = YES;
				CLANG_WARN_SUSPICIOUS_MOVE = YES;
				CLANG_WARN_UNGUARDED_AVAILABILITY = YES_AGGRESSIVE;
				CLANG_WARN_UNREACHABLE_CODE = YES;
				CLANG_WARN__DUPLICATE_METHOD_MATCH = YES;
				COPY_PHASE_STRIP = NO;
				DEBUG_INFORMATION_FORMAT = dwarf;
				ENABLE_STRICT_OBJC_MSGSEND = YES;
				ENABLE_TESTABILITY = YES;
				ENABLE_USER_SCRIPT_SANDBOXING = YES;
				GCC_C_LANGUAGE_STANDARD = gnu17;
				GCC_DYNAMIC_NO_PIC = NO;
				GCC_NO_COMMON_BLOCKS = YES;
				GCC_OPTIMIZATION_LEVEL = 0;
				GCC_PREPROCESSOR_DEFINITIONS = (
					"DEBUG=1",
					"$(inherited)",
				);
				GCC_WARN_64_TO_32_BIT_CONVERSION = YES;
				GCC_WARN_ABOUT_RETURN_TYPE = YES_ERROR;
				GCC_WARN_UNDECLARED_SELECTOR = YES;
				GCC_WARN_UNINITIALIZED_AUTOS = YES_AGGRESSIVE;
				GCC_WARN_UNUSED_FUNCTION = YES;
				GCC_WARN_UNUSED_VARIABLE = YES;
				IPHONEOS_DEPLOYMENT_TARGET = 18.1;
				LOCALIZATION_PREFERS_STRING_CATALOGS = YES;
				MTL_ENABLE_DEBUG_INFO = INCLUDE_SOURCE;
				MTL_FAST_MATH = YES;
				ONLY_ACTIVE_ARCH = YES;
				SDKROOT = iphoneos;
				SWIFT_ACTIVE_COMPILATION_CONDITIONS = "DEBUG $(inherited)";
				SWIFT_OPTIMIZATION_LEVEL = "-Onone";
			};
			name = Debug;
		};
		7A0A17342D185A8C009C346F /* Release */ = {
			isa = XCBuildConfiguration;
			buildSettings = {
				ALWAYS_SEARCH_USER_PATHS = NO;
				ASSETCATALOG_COMPILER_GENERATE_SWIFT_ASSET_SYMBOL_EXTENSIONS = YES;
				CLANG_ANALYZER_NONNULL = YES;
				CLANG_ANALYZER_NUMBER_OBJECT_CONVERSION = YES_AGGRESSIVE;
				CLANG_CXX_LANGUAGE_STANDARD = "gnu++20";
				CLANG_ENABLE_MODULES = YES;
				CLANG_ENABLE_OBJC_ARC = YES;
				CLANG_ENABLE_OBJC_WEAK = YES;
				CLANG_WARN_BLOCK_CAPTURE_AUTORELEASING = YES;
				CLANG_WARN_BOOL_CONVERSION = YES;
				CLANG_WARN_COMMA = YES;
				CLANG_WARN_CONSTANT_CONVERSION = YES;
				CLANG_WARN_DEPRECATED_OBJC_IMPLEMENTATIONS = YES;
				CLANG_WARN_DIRECT_OBJC_ISA_USAGE = YES_ERROR;
				CLANG_WARN_DOCUMENTATION_COMMENTS = YES;
				CLANG_WARN_EMPTY_BODY = YES;
				CLANG_WARN_ENUM_CONVERSION = YES;
				CLANG_WARN_INFINITE_RECURSION = YES;
				CLANG_WARN_INT_CONVERSION = YES;
				CLANG_WARN_NON_LITERAL_NULL_CONVERSION = YES;
				CLANG_WARN_OBJC_IMPLICIT_RETAIN_SELF = YES;
				CLANG_WARN_OBJC_LITERAL_CONVERSION = YES;
				CLANG_WARN_OBJC_ROOT_CLASS = YES_ERROR;
				CLANG_WARN_QUOTED_INCLUDE_IN_FRAMEWORK_HEADER = YES;
				CLANG_WARN_RANGE_LOOP_ANALYSIS = YES;
				CLANG_WARN_STRICT_PROTOTYPES = YES;
				CLANG_WARN_SUSPICIOUS_MOVE = YES;
				CLANG_WARN_UNGUARDED_AVAILABILITY = YES_AGGRESSIVE;
				CLANG_WARN_UNREACHABLE_CODE = YES;
				CLANG_WARN__DUPLICATE_METHOD_MATCH = YES;
				COPY_PHASE_STRIP = NO;
				DEBUG_INFORMATION_FORMAT = "dwarf-with-dsym";
				ENABLE_NS_ASSERTIONS = NO;
				ENABLE_STRICT_OBJC_MSGSEND = YES;
				ENABLE_USER_SCRIPT_SANDBOXING = YES;
				GCC_C_LANGUAGE_STANDARD = gnu17;
				GCC_NO_COMMON_BLOCKS = YES;
				GCC_WARN_64_TO_32_BIT_CONVERSION = YES;
				GCC_WARN_ABOUT_RETURN_TYPE = YES_ERROR;
				GCC_WARN_UNDECLARED_SELECTOR = YES;
				GCC_WARN_UNINITIALIZED_AUTOS = YES_AGGRESSIVE;
				GCC_WARN_UNUSED_FUNCTION = YES;
				GCC_WARN_UNUSED_VARIABLE = YES;
				IPHONEOS_DEPLOYMENT_TARGET = 18.1;
				LOCALIZATION_PREFERS_STRING_CATALOGS = YES;
				MTL_ENABLE_DEBUG_INFO = NO;
				MTL_FAST_MATH = YES;
				SDKROOT = iphoneos;
				SWIFT_COMPILATION_MODE = wholemodule;
				VALIDATE_PRODUCT = YES;
			};
			name = Release;
		};
		7A0A17362D185A8C009C346F /* Debug */ = {
			isa = XCBuildConfiguration;
			buildSettings = {
				ASSETCATALOG_COMPILER_APPICON_NAME = AppIcon;
				ASSETCATALOG_COMPILER_GLOBAL_ACCENT_COLOR_NAME = AccentColor;
				CODE_SIGN_STYLE = Automatic;
				CURRENT_PROJECT_VERSION = 1;
				DEVELOPMENT_ASSET_PATHS = "\"Berita.In/Preview Content\"";
				ENABLE_PREVIEWS = YES;
				ENABLE_USER_SCRIPT_SANDBOXING = NO;
				GENERATE_INFOPLIST_FILE = YES;
				INFOPLIST_KEY_UIApplicationSceneManifest_Generation = YES;
				INFOPLIST_KEY_UIApplicationSupportsIndirectInputEvents = YES;
				INFOPLIST_KEY_UILaunchScreen_Generation = YES;
				INFOPLIST_KEY_UISupportedInterfaceOrientations_iPad = "UIInterfaceOrientationPortrait UIInterfaceOrientationPortraitUpsideDown UIInterfaceOrientationLandscapeLeft UIInterfaceOrientationLandscapeRight";
				INFOPLIST_KEY_UISupportedInterfaceOrientations_iPhone = "UIInterfaceOrientationPortrait UIInterfaceOrientationLandscapeLeft UIInterfaceOrientationLandscapeRight";
				LD_RUNPATH_SEARCH_PATHS = (
					"$(inherited)",
					"@executable_path/Frameworks",
				);
				MARKETING_VERSION = 1.0;
				PRODUCT_BUNDLE_IDENTIFIER = "com.fakhrirasyids.Berita-In";
				PRODUCT_NAME = "$(TARGET_NAME)";
				SWIFT_EMIT_LOC_STRINGS = YES;
				SWIFT_VERSION = 5.0;
				TARGETED_DEVICE_FAMILY = "1,2";
			};
			name = Debug;
		};
		7A0A17372D185A8C009C346F /* Release */ = {
			isa = XCBuildConfiguration;
			buildSettings = {
				ASSETCATALOG_COMPILER_APPICON_NAME = AppIcon;
				ASSETCATALOG_COMPILER_GLOBAL_ACCENT_COLOR_NAME = AccentColor;
				CODE_SIGN_STYLE = Automatic;
				CURRENT_PROJECT_VERSION = 1;
				DEVELOPMENT_ASSET_PATHS = "\"Berita.In/Preview Content\"";
				ENABLE_PREVIEWS = YES;
				ENABLE_USER_SCRIPT_SANDBOXING = NO;
				GENERATE_INFOPLIST_FILE = YES;
				INFOPLIST_KEY_UIApplicationSceneManifest_Generation = YES;
				INFOPLIST_KEY_UIApplicationSupportsIndirectInputEvents = YES;
				INFOPLIST_KEY_UILaunchScreen_Generation = YES;
				INFOPLIST_KEY_UISupportedInterfaceOrientations_iPad = "UIInterfaceOrientationPortrait UIInterfaceOrientationPortraitUpsideDown UIInterfaceOrientationLandscapeLeft UIInterfaceOrientationLandscapeRight";
				INFOPLIST_KEY_UISupportedInterfaceOrientations_iPhone = "UIInterfaceOrientationPortrait UIInterfaceOrientationLandscapeLeft UIInterfaceOrientationLandscapeRight";
				LD_RUNPATH_SEARCH_PATHS = (
					"$(inherited)",
					"@executable_path/Frameworks",
				);
				MARKETING_VERSION = 1.0;
				PRODUCT_BUNDLE_IDENTIFIER = "com.fakhrirasyids.Berita-In";
				PRODUCT_NAME = "$(TARGET_NAME)";
				SWIFT_EMIT_LOC_STRINGS = YES;
				SWIFT_VERSION = 5.0;
				TARGETED_DEVICE_FAMILY = "1,2";
			};
			name = Release;
		};
/* End XCBuildConfiguration section */

/* Begin XCConfigurationList section */
		7A0A17222D185A8A009C346F /* Build configuration list for PBXProject "Berita.In" */ = {
			isa = XCConfigurationList;
			buildConfigurations = (
				7A0A17332D185A8C009C346F /* Debug */,
				7A0A17342D185A8C009C346F /* Release */,
			);
			defaultConfigurationIsVisible = 0;
			defaultConfigurationName = Release;
		};
		7A0A17352D185A8C009C346F /* Build configuration list for PBXNativeTarget "Berita.In" */ = {
			isa = XCConfigurationList;
			buildConfigurations = (
				7A0A17362D185A8C009C346F /* Debug */,
				7A0A17372D185A8C009C346F /* Release */,
			);
			defaultConfigurationIsVisible = 0;
			defaultConfigurationName = Release;
		};
/* End XCConfigurationList section */

/* Begin XCRemoteSwiftPackageReference section */
		7A0A17802D185EE3009C346F /* XCRemoteSwiftPackageReference "berita" */ = {
			isa = XCRemoteSwiftPackageReference;
			repositoryURL = "https://github.com/fakhrirasyids/berita.in-core-module-ios";
			requirement = {
				kind = upToNextMajorVersion;
				minimumVersion = 1.0.0;
			};
		};
		7A0A17812D1921A1009C346F /* XCRemoteSwiftPackageReference "Alamofire" */ = {
			isa = XCRemoteSwiftPackageReference;
			repositoryURL = "https://github.com/Alamofire/Alamofire";
			requirement = {
				kind = upToNextMajorVersion;
				minimumVersion = 5.10.2;
			};
		};
		7A0A17942D1923F0009C346F /* XCRemoteSwiftPackageReference "SDWebImageSwiftUI" */ = {
			isa = XCRemoteSwiftPackageReference;
			repositoryURL = "https://github.com/SDWebImage/SDWebImageSwiftUI";
			requirement = {
				kind = upToNextMajorVersion;
				minimumVersion = 3.1.3;
			};
		};
		7A0A17A02D1924D8009C346F /* XCRemoteSwiftPackageReference "Swinject" */ = {
			isa = XCRemoteSwiftPackageReference;
			repositoryURL = "https://github.com/Swinject/Swinject";
			requirement = {
				kind = upToNextMajorVersion;
				minimumVersion = 2.9.1;
			};
		};
/* End XCRemoteSwiftPackageReference section */

/* Begin XCSwiftPackageProductDependency section */
		7A0A17822D1921A1009C346F /* Alamofire */ = {
			isa = XCSwiftPackageProductDependency;
			package = 7A0A17812D1921A1009C346F /* XCRemoteSwiftPackageReference "Alamofire" */;
			productName = Alamofire;
		};
		7A0A17862D192237009C346F /* Common */ = {
			isa = XCSwiftPackageProductDependency;
			productName = Common;
		};
		7A0A17952D1923F0009C346F /* SDWebImageSwiftUI */ = {
			isa = XCSwiftPackageProductDependency;
			package = 7A0A17942D1923F0009C346F /* XCRemoteSwiftPackageReference "SDWebImageSwiftUI" */;
			productName = SDWebImageSwiftUI;
		};
		7A0A179B2D192489009C346F /* Home */ = {
			isa = XCSwiftPackageProductDependency;
			productName = Home;
		};
		7A0A17A12D1924D8009C346F /* Swinject */ = {
			isa = XCSwiftPackageProductDependency;
			package = 7A0A17A02D1924D8009C346F /* XCRemoteSwiftPackageReference "Swinject" */;
			productName = Swinject;
		};
		7A0A17AA2D193623009C346F /* Detail */ = {
			isa = XCSwiftPackageProductDependency;
			productName = Detail;
		};
		7A0A17B32D193B3D009C346F /* Favorites */ = {
			isa = XCSwiftPackageProductDependency;
			productName = Favorites;
		};
		7A0A18722D195D32009C346F /* Searches */ = {
			isa = XCSwiftPackageProductDependency;
			productName = Searches;
		};
/* End XCSwiftPackageProductDependency section */
	};
	rootObject = 7A0A171F2D185A8A009C346F /* Project object */;
}
